
Microsoft Visual Studio Solution File, Format Version 12.00
# Visual Studio Version 16
VisualStudioVersion = 16.0.30309.148
MinimumVisualStudioVersion = 10.0.40219.1
Project("{FAE04EC0-301F-11D3-BF4B-00C04F79EFBC}") = "CSharp Notepad", "CSharp Notepad.csproj", "{787A34D7-5D48-408D-82FA-2166FBA7AFA8}"
EndProject
Global
	GlobalSection(SolutionConfigurationPlatforms) = preSolution
		Debug|Any CPU = Debug|Any CPU
		Release|Any CPU = Release|Any CPU
	EndGlobalSection
	GlobalSection(ProjectConfigurationPlatforms) = postSolution
		{787A34D7-5D48-408D-82FA-2166FBA7AFA8}.Debug|Any CPU.ActiveCfg = Debug|Any CPU
		{787A34D7-5D48-408D-82FA-2166FBA7AFA8}.Debug|Any CPU.Build.0 = Debug|Any CPU
		{787A34D7-5D48-408D-82FA-2166FBA7AFA8}.Release|Any CPU.ActiveCfg = Release|Any CPU
		{787A34D7-5D48-408D-82FA-2166FBA7AFA8}.Release|Any CPU.Build.0 = Release|Any CPU
	EndGlobalSection
	GlobalSection(SolutionProperties) = preSolution
		HideSolutionNode = FALSE
	EndGlobalSection
	GlobalSection(ExtensibilityGlobals) = postSolution
		SolutionGuid = {A9411C21-1CFE-4D99-8190-7F44871F8F90}
	EndGlobalSection
EndGlobal
